
Microsoft Visual Studio Solution File, Format Version 12.00
# Visual Studio Version 17
VisualStudioVersion = 17.0.32014.148
MinimumVisualStudioVersion = 10.0.40219.1
Project("{2150E333-8FDC-42A3-9474-1A3956D46DE8}") = "apiGateways", "apiGateways", "{B92582B7-AC5B-4850-B3E4-A275655ECDBC}"
EndProject
Project("{9A19103F-16F7-4668-BE54-9A1E7A4F7556}") = "OcelotApiGw", "apiGateways\OcelotApiGw\OcelotApiGw.csproj", "{1724F6AA-F1F6-49A7-8956-45AAD5E2453F}"
EndProject
Project("{9A19103F-16F7-4668-BE54-9A1E7A4F7556}") = "Shopping.Aggregator", "apiGateways\Shopping.Aggregator\Shopping.Aggregator.csproj", "{BD940B58-E557-40F4-ABD5-28296ACA34CB}"
EndProject
Project("{2150E333-8FDC-42A3-9474-1A3956D46DE8}") = "buildBlocks", "buildBlocks", "{1A210B18-222C-4788-B10D-C614DB0F4D5A}"
EndProject
Project("{9A19103F-16F7-4668-BE54-9A1E7A4F7556}") = "EventBus.Messages", "buildBlocks\EventBus.Messages\EventBus.Messages.csproj", "{79CCFA98-0CD8-40DB-B910-FC30F21DAEF8}"
EndProject
Project("{2150E333-8FDC-42A3-9474-1A3956D46DE8}") = "services", "services", "{7B0BD43D-7119-4AAE-B531-F1E443704DEB}"
EndProject
Project("{2150E333-8FDC-42A3-9474-1A3956D46DE8}") = "Basket", "Basket", "{BA095D56-22E2-4397-98B3-978C83D23111}"
EndProject
Project("{9A19103F-16F7-4668-BE54-9A1E7A4F7556}") = "Basket.API", "services\Basket\Basket.API\Basket.API.csproj", "{B0F357C6-6E21-4B89-93A0-5309FAF2529D}"
EndProject
Project("{2150E333-8FDC-42A3-9474-1A3956D46DE8}") = "Catalog", "Catalog", "{BB1BE996-17AE-473B-A3A8-E01FFCFA559F}"
EndProject
Project("{9A19103F-16F7-4668-BE54-9A1E7A4F7556}") = "Catalog.API", "services\Catalog\Catalog.API\Catalog.API.csproj", "{EE279535-82F3-4167-B8E0-747FFBB1B488}"
EndProject
Project("{2150E333-8FDC-42A3-9474-1A3956D46DE8}") = "Discount", "Discount", "{1D2FACF2-4A64-4603-A33C-115FD01C4955}"
EndProject
Project("{9A19103F-16F7-4668-BE54-9A1E7A4F7556}") = "Discount.API", "services\Discount\Discount.API\Discount.API.csproj", "{8E73B994-275E-47E1-B59E-2FAD18689989}"
EndProject
Project("{9A19103F-16F7-4668-BE54-9A1E7A4F7556}") = "Discount.Grpc", "services\Discount\Discount.Grpc\Discount.Grpc.csproj", "{6017BD92-3FAA-4A94-AEC0-949AD8EC26D1}"
EndProject
Project("{2150E333-8FDC-42A3-9474-1A3956D46DE8}") = "Ordering", "Ordering", "{B4C556D4-1E61-4E12-BE6C-51FAEC7B6C0B}"
EndProject
Project("{9A19103F-16F7-4668-BE54-9A1E7A4F7556}") = "Ordering.API", "services\Ordering\Ordering.API\Ordering.API.csproj", "{510601ED-6DD3-4721-95B9-7D883C1084FF}"
EndProject
Project("{9A19103F-16F7-4668-BE54-9A1E7A4F7556}") = "Ordering.Application", "services\Ordering\Ordering.Application\Ordering.Application.csproj", "{87941A42-06A4-4947-B5A8-0DA253ACE7E7}"
EndProject
Project("{9A19103F-16F7-4668-BE54-9A1E7A4F7556}") = "Ordering.Domain", "services\Ordering\Ordering.Domain\Ordering.Domain.csproj", "{19ADBA36-98AD-46C2-9B72-857520B62F03}"
EndProject
Project("{9A19103F-16F7-4668-BE54-9A1E7A4F7556}") = "Ordering.Infrastructure", "services\Ordering\Ordering.Infrastructure\Ordering.Infrastructure.csproj", "{96D3801D-89CB-4DBF-BAA0-3DEC82FF719B}"
EndProject
Project("{2150E333-8FDC-42A3-9474-1A3956D46DE8}") = "web", "web", "{6C501BF6-BAF0-46E1-BC2A-6E67B41A418C}"
EndProject
Project("{9A19103F-16F7-4668-BE54-9A1E7A4F7556}") = "AspnetRunBasics", "web\AspnetRunBasics\AspnetRunBasics.csproj", "{E0A50EFF-3159-4E31-953A-4A1C5F484718}"
EndProject
Project("{2150E333-8FDC-42A3-9474-1A3956D46DE8}") = "Solution Items", "Solution Items", "{4F0D8684-A63D-4CDD-9C4C-DDE9D0050198}"
	ProjectSection(SolutionItems) = preProject
		global.json = global.json
	EndProjectSection
EndProject
Project("{E53339B2-1760-4266-BCC7-CA923CBCF16C}") = "docker-compose", "docker-compose.dcproj", "{FEB3343A-7B28-4B79-B5D2-2D4CBA05735E}"
EndProject
Global
	GlobalSection(SolutionConfigurationPlatforms) = preSolution
		Debug|Any CPU = Debug|Any CPU
		Release|Any CPU = Release|Any CPU
	EndGlobalSection
	GlobalSection(ProjectConfigurationPlatforms) = postSolution
		{1724F6AA-F1F6-49A7-8956-45AAD5E2453F}.Debug|Any CPU.ActiveCfg = Debug|Any CPU
		{1724F6AA-F1F6-49A7-8956-45AAD5E2453F}.Debug|Any CPU.Build.0 = Debug|Any CPU
		{1724F6AA-F1F6-49A7-8956-45AAD5E2453F}.Release|Any CPU.ActiveCfg = Release|Any CPU
		{1724F6AA-F1F6-49A7-8956-45AAD5E2453F}.Release|Any CPU.Build.0 = Release|Any CPU
		{BD940B58-E557-40F4-ABD5-28296ACA34CB}.Debug|Any CPU.ActiveCfg = Debug|Any CPU
		{BD940B58-E557-40F4-ABD5-28296ACA34CB}.Debug|Any CPU.Build.0 = Debug|Any CPU
		{BD940B58-E557-40F4-ABD5-28296ACA34CB}.Release|Any CPU.ActiveCfg = Release|Any CPU
		{BD940B58-E557-40F4-ABD5-28296ACA34CB}.Release|Any CPU.Build.0 = Release|Any CPU
		{79CCFA98-0CD8-40DB-B910-FC30F21DAEF8}.Debug|Any CPU.ActiveCfg = Debug|Any CPU
		{79CCFA98-0CD8-40DB-B910-FC30F21DAEF8}.Debug|Any CPU.Build.0 = Debug|Any CPU
		{79CCFA98-0CD8-40DB-B910-FC30F21DAEF8}.Release|Any CPU.ActiveCfg = Release|Any CPU
		{79CCFA98-0CD8-40DB-B910-FC30F21DAEF8}.Release|Any CPU.Build.0 = Release|Any CPU
		{B0F357C6-6E21-4B89-93A0-5309FAF2529D}.Debug|Any CPU.ActiveCfg = Debug|Any CPU
		{B0F357C6-6E21-4B89-93A0-5309FAF2529D}.Debug|Any CPU.Build.0 = Debug|Any CPU
		{B0F357C6-6E21-4B89-93A0-5309FAF2529D}.Release|Any CPU.ActiveCfg = Release|Any CPU
		{B0F357C6-6E21-4B89-93A0-5309FAF2529D}.Release|Any CPU.Build.0 = Release|Any CPU
		{EE279535-82F3-4167-B8E0-747FFBB1B488}.Debug|Any CPU.ActiveCfg = Debug|Any CPU
		{EE279535-82F3-4167-B8E0-747FFBB1B488}.Debug|Any CPU.Build.0 = Debug|Any CPU
		{EE279535-82F3-4167-B8E0-747FFBB1B488}.Release|Any CPU.ActiveCfg = Release|Any CPU
		{EE279535-82F3-4167-B8E0-747FFBB1B488}.Release|Any CPU.Build.0 = Release|Any CPU
		{8E73B994-275E-47E1-B59E-2FAD18689989}.Debug|Any CPU.ActiveCfg = Debug|Any CPU
		{8E73B994-275E-47E1-B59E-2FAD18689989}.Debug|Any CPU.Build.0 = Debug|Any CPU
		{8E73B994-275E-47E1-B59E-2FAD18689989}.Release|Any CPU.ActiveCfg = Release|Any CPU
		{8E73B994-275E-47E1-B59E-2FAD18689989}.Release|Any CPU.Build.0 = Release|Any CPU
		{6017BD92-3FAA-4A94-AEC0-949AD8EC26D1}.Debug|Any CPU.ActiveCfg = Debug|Any CPU
		{6017BD92-3FAA-4A94-AEC0-949AD8EC26D1}.Debug|Any CPU.Build.0 = Debug|Any CPU
		{6017BD92-3FAA-4A94-AEC0-949AD8EC26D1}.Release|Any CPU.ActiveCfg = Release|Any CPU
		{6017BD92-3FAA-4A94-AEC0-949AD8EC26D1}.Release|Any CPU.Build.0 = Release|Any CPU
		{510601ED-6DD3-4721-95B9-7D883C1084FF}.Debug|Any CPU.ActiveCfg = Debug|Any CPU
		{510601ED-6DD3-4721-95B9-7D883C1084FF}.Debug|Any CPU.Build.0 = Debug|Any CPU
		{510601ED-6DD3-4721-95B9-7D883C1084FF}.Release|Any CPU.ActiveCfg = Release|Any CPU
		{510601ED-6DD3-4721-95B9-7D883C1084FF}.Release|Any CPU.Build.0 = Release|Any CPU
		{87941A42-06A4-4947-B5A8-0DA253ACE7E7}.Debug|Any CPU.ActiveCfg = Debug|Any CPU
		{87941A42-06A4-4947-B5A8-0DA253ACE7E7}.Debug|Any CPU.Build.0 = Debug|Any CPU
		{87941A42-06A4-4947-B5A8-0DA253ACE7E7}.Release|Any CPU.ActiveCfg = Release|Any CPU
		{87941A42-06A4-4947-B5A8-0DA253ACE7E7}.Release|Any CPU.Build.0 = Release|Any CPU
		{19ADBA36-98AD-46C2-9B72-857520B62F03}.Debug|Any CPU.ActiveCfg = Debug|Any CPU
		{19ADBA36-98AD-46C2-9B72-857520B62F03}.Debug|Any CPU.Build.0 = Debug|Any CPU
		{19ADBA36-98AD-46C2-9B72-857520B62F03}.Release|Any CPU.ActiveCfg = Release|Any CPU
		{19ADBA36-98AD-46C2-9B72-857520B62F03}.Release|Any CPU.Build.0 = Release|Any CPU
		{96D3801D-89CB-4DBF-BAA0-3DEC82FF719B}.Debug|Any CPU.ActiveCfg = Debug|Any CPU
		{96D3801D-89CB-4DBF-BAA0-3DEC82FF719B}.Debug|Any CPU.Build.0 = Debug|Any CPU
		{96D3801D-89CB-4DBF-BAA0-3DEC82FF719B}.Release|Any CPU.ActiveCfg = Release|Any CPU
		{96D3801D-89CB-4DBF-BAA0-3DEC82FF719B}.Release|Any CPU.Build.0 = Release|Any CPU
		{E0A50EFF-3159-4E31-953A-4A1C5F484718}.Debug|Any CPU.ActiveCfg = Debug|Any CPU
		{E0A50EFF-3159-4E31-953A-4A1C5F484718}.Debug|Any CPU.Build.0 = Debug|Any CPU
		{E0A50EFF-3159-4E31-953A-4A1C5F484718}.Release|Any CPU.ActiveCfg = Release|Any CPU
		{E0A50EFF-3159-4E31-953A-4A1C5F484718}.Release|Any CPU.Build.0 = Release|Any CPU
		{FEB3343A-7B28-4B79-B5D2-2D4CBA05735E}.Debug|Any CPU.ActiveCfg = Debug|Any CPU
		{FEB3343A-7B28-4B79-B5D2-2D4CBA05735E}.Debug|Any CPU.Build.0 = Debug|Any CPU
		{FEB3343A-7B28-4B79-B5D2-2D4CBA05735E}.Release|Any CPU.ActiveCfg = Release|Any CPU
		{FEB3343A-7B28-4B79-B5D2-2D4CBA05735E}.Release|Any CPU.Build.0 = Release|Any CPU
	EndGlobalSection
	GlobalSection(SolutionProperties) = preSolution
		HideSolutionNode = FALSE
	EndGlobalSection
	GlobalSection(NestedProjects) = preSolution
		{1724F6AA-F1F6-49A7-8956-45AAD5E2453F} = {B92582B7-AC5B-4850-B3E4-A275655ECDBC}
		{BD940B58-E557-40F4-ABD5-28296ACA34CB} = {B92582B7-AC5B-4850-B3E4-A275655ECDBC}
		{79CCFA98-0CD8-40DB-B910-FC30F21DAEF8} = {1A210B18-222C-4788-B10D-C614DB0F4D5A}
		{BA095D56-22E2-4397-98B3-978C83D23111} = {7B0BD43D-7119-4AAE-B531-F1E443704DEB}
		{B0F357C6-6E21-4B89-93A0-5309FAF2529D} = {BA095D56-22E2-4397-98B3-978C83D23111}
		{BB1BE996-17AE-473B-A3A8-E01FFCFA559F} = {7B0BD43D-7119-4AAE-B531-F1E443704DEB}
		{EE279535-82F3-4167-B8E0-747FFBB1B488} = {BB1BE996-17AE-473B-A3A8-E01FFCFA559F}
		{1D2FACF2-4A64-4603-A33C-115FD01C4955} = {7B0BD43D-7119-4AAE-B531-F1E443704DEB}
		{8E73B994-275E-47E1-B59E-2FAD18689989} = {1D2FACF2-4A64-4603-A33C-115FD01C4955}
		{6017BD92-3FAA-4A94-AEC0-949AD8EC26D1} = {1D2FACF2-4A64-4603-A33C-115FD01C4955}
		{B4C556D4-1E61-4E12-BE6C-51FAEC7B6C0B} = {7B0BD43D-7119-4AAE-B531-F1E443704DEB}
		{510601ED-6DD3-4721-95B9-7D883C1084FF} = {B4C556D4-1E61-4E12-BE6C-51FAEC7B6C0B}
		{87941A42-06A4-4947-B5A8-0DA253ACE7E7} = {B4C556D4-1E61-4E12-BE6C-51FAEC7B6C0B}
		{19ADBA36-98AD-46C2-9B72-857520B62F03} = {B4C556D4-1E61-4E12-BE6C-51FAEC7B6C0B}
		{96D3801D-89CB-4DBF-BAA0-3DEC82FF719B} = {B4C556D4-1E61-4E12-BE6C-51FAEC7B6C0B}
		{E0A50EFF-3159-4E31-953A-4A1C5F484718} = {6C501BF6-BAF0-46E1-BC2A-6E67B41A418C}
	EndGlobalSection
	GlobalSection(ExtensibilityGlobals) = postSolution
		SolutionGuid = {DA27B0FB-ABAF-48A8-8269-EC1CA5436440}
	EndGlobalSection
EndGlobal
